
Microsoft Visual Studio Solution File, Format Version 12.00
# Visual Studio Version 17
VisualStudioVersion = 17.0.32014.148
MinimumVisualStudioVersion = 10.0.40219.1
Project("{9A19103F-16F7-4668-BE54-9A1E7A4F7556}") = "App30", "ConsoleApp1\App30.csproj", "{2AF19B31-70DB-4A74-9064-E9F75119DEA9}"
EndProject
Global
	GlobalSection(SolutionConfigurationPlatforms) = preSolution
		Debug|Any CPU = Debug|Any CPU
		Release|Any CPU = Release|Any CPU
	EndGlobalSection
	GlobalSection(ProjectConfigurationPlatforms) = postSolution
		{2AF19B31-70DB-4A74-9064-E9F75119DEA9}.Debug|Any CPU.ActiveCfg = Debug|Any CPU
		{2AF19B31-70DB-4A74-9064-E9F75119DEA9}.Debug|Any CPU.Build.0 = Debug|Any CPU
		{2AF19B31-70DB-4A74-9064-E9F75119DEA9}.Release|Any CPU.ActiveCfg = Release|Any CPU
		{2AF19B31-70DB-4A74-9064-E9F75119DEA9}.Release|Any CPU.Build.0 = Release|Any CPU
	EndGlobalSection
	GlobalSection(SolutionProperties) = preSolution
		HideSolutionNode = FALSE
	EndGlobalSection
	GlobalSection(ExtensibilityGlobals) = postSolution
		SolutionGuid = {46FA8993-8219-41B8-A89A-BF7FD3FDC4BA}
	EndGlobalSection
EndGlobal
